
Microsoft Visual Studio Solution File, Format Version 12.00
# Visual Studio 15
VisualStudioVersion = 15.0.34112.143
MinimumVisualStudioVersion = 10.0.40219.1
Project("{FAE04EC0-301F-11D3-BF4B-00C04F79EFBC}") = "MvcCV", "MvcCV\MvcCV.csproj", "{9EAB7E8A-CC1F-4A05-840C-21B7CBFD29F6}"
EndProject
Global
	GlobalSection(SolutionConfigurationPlatforms) = preSolution
		Debug|Any CPU = Debug|Any CPU
		Release|Any CPU = Release|Any CPU
	EndGlobalSection
	GlobalSection(ProjectConfigurationPlatforms) = postSolution
		{9EAB7E8A-CC1F-4A05-840C-21B7CBFD29F6}.Debug|Any CPU.ActiveCfg = Debug|Any CPU
		{9EAB7E8A-CC1F-4A05-840C-21B7CBFD29F6}.Debug|Any CPU.Build.0 = Debug|Any CPU
		{9EAB7E8A-CC1F-4A05-840C-21B7CBFD29F6}.Release|Any CPU.ActiveCfg = Release|Any CPU
		{9EAB7E8A-CC1F-4A05-840C-21B7CBFD29F6}.Release|Any CPU.Build.0 = Release|Any CPU
	EndGlobalSection
	GlobalSection(SolutionProperties) = preSolution
		HideSolutionNode = FALSE
	EndGlobalSection
	GlobalSection(ExtensibilityGlobals) = postSolution
		SolutionGuid = {92F596DD-EA55-4FCA-A06D-04D5380B2F0C}
	EndGlobalSection
EndGlobal
